<?xml version="1.0" encoding="UTF-8" standalone="yes" ?>
<CodeBlocks_project_file>
	<FileVersion major="1" minor="6" />
	<Project>
		<Option title="charger" />
		<Option pch_mode="2" />
		<Option compiler="gcc" />
		<Build>
			<Target title="Debug">
				<Option output="bin\Debug\charger" prefix_auto="1" extension_auto="1" />
				<Option object_output="obj\Debug\" />
				<Option type="1" />
				<Option compiler="gcc" />
				<Compiler>
					<Add option="-g" />
				</Compiler>
			</Target>
			<Target title="Release">
				<Option output="bin\Release\charger" prefix_auto="1" extension_auto="1" />
				<Option object_output="obj\Release\" />
				<Option type="1" />
				<Option compiler="gcc" />
				<Compiler>
					<Add option="-O2" />
				</Compiler>
				<Linker>
					<Add option="-s" />
				</Linker>
			</Target>
		</Build>
		<Compiler>
			<Add option="-Wall" />
		</Compiler>
		<Unit filename="Libraries\CMSIS\Core\CM3\core_cm3.c">
			<Option compilerVar="CC" />
		</Unit>
		<Unit filename="Libraries\CMSIS\Core\CM3\core_cm3.h" />
		<Unit filename="Libraries\CMSIS\Core\CM3\stm32f10x.h" />
		<Unit filename="Libraries\CMSIS\Core\CM3\stm32f10x_conf.h" />
		<Unit filename="Libraries\CMSIS\Core\CM3\system_stm32f10x.c">
			<Option compilerVar="CC" />
		</Unit>
		<Unit filename="Libraries\CMSIS\Core\CM3\system_stm32f10x.h" />
		<Unit filename="Libraries\STM32F10x_StdPeriph_Driver\inc\misc.h" />
		<Unit filename="Libraries\STM32F10x_StdPeriph_Driver\inc\stm32f10x_adc.h" />
		<Unit filename="Libraries\STM32F10x_StdPeriph_Driver\inc\stm32f10x_bkp.h" />
		<Unit filename="Libraries\STM32F10x_StdPeriph_Driver\inc\stm32f10x_can.h" />
		<Unit filename="Libraries\STM32F10x_StdPeriph_Driver\inc\stm32f10x_crc.h" />
		<Unit filename="Libraries\STM32F10x_StdPeriph_Driver\inc\stm32f10x_dac.h" />
		<Unit filename="Libraries\STM32F10x_StdPeriph_Driver\inc\stm32f10x_dbgmcu.h" />
		<Unit filename="Libraries\STM32F10x_StdPeriph_Driver\inc\stm32f10x_dma.h" />
		<Unit filename="Libraries\STM32F10x_StdPeriph_Driver\inc\stm32f10x_exti.h" />
		<Unit filename="Libraries\STM32F10x_StdPeriph_Driver\inc\stm32f10x_flash.h" />
		<Unit filename="Libraries\STM32F10x_StdPeriph_Driver\inc\stm32f10x_fsmc.h" />
		<Unit filename="Libraries\STM32F10x_StdPeriph_Driver\inc\stm32f10x_gpio.h" />
		<Unit filename="Libraries\STM32F10x_StdPeriph_Driver\inc\stm32f10x_i2c.h" />
		<Unit filename="Libraries\STM32F10x_StdPeriph_Driver\inc\stm32f10x_iwdg.h" />
		<Unit filename="Libraries\STM32F10x_StdPeriph_Driver\inc\stm32f10x_pwr.h" />
		<Unit filename="Libraries\STM32F10x_StdPeriph_Driver\inc\stm32f10x_rcc.h" />
		<Unit filename="Libraries\STM32F10x_StdPeriph_Driver\inc\stm32f10x_rtc.h" />
		<Unit filename="Libraries\STM32F10x_StdPeriph_Driver\inc\stm32f10x_sdio.h" />
		<Unit filename="Libraries\STM32F10x_StdPeriph_Driver\inc\stm32f10x_spi.h" />
		<Unit filename="Libraries\STM32F10x_StdPeriph_Driver\inc\stm32f10x_tim.h" />
		<Unit filename="Libraries\STM32F10x_StdPeriph_Driver\inc\stm32f10x_usart.h" />
		<Unit filename="Libraries\STM32F10x_StdPeriph_Driver\inc\stm32f10x_wwdg.h" />
		<Unit filename="Libraries\STM32F10x_StdPeriph_Driver\src\misc.c">
			<Option compilerVar="CC" />
		</Unit>
		<Unit filename="Libraries\STM32F10x_StdPeriph_Driver\src\stm32f10x_adc.c">
			<Option compilerVar="CC" />
		</Unit>
		<Unit filename="Libraries\STM32F10x_StdPeriph_Driver\src\stm32f10x_bkp.c">
			<Option compilerVar="CC" />
		</Unit>
		<Unit filename="Libraries\STM32F10x_StdPeriph_Driver\src\stm32f10x_can.c">
			<Option compilerVar="CC" />
		</Unit>
		<Unit filename="Libraries\STM32F10x_StdPeriph_Driver\src\stm32f10x_crc.c">
			<Option compilerVar="CC" />
		</Unit>
		<Unit filename="Libraries\STM32F10x_StdPeriph_Driver\src\stm32f10x_dac.c">
			<Option compilerVar="CC" />
		</Unit>
		<Unit filename="Libraries\STM32F10x_StdPeriph_Driver\src\stm32f10x_dbgmcu.c">
			<Option compilerVar="CC" />
		</Unit>
		<Unit filename="Libraries\STM32F10x_StdPeriph_Driver\src\stm32f10x_dma.c">
			<Option compilerVar="CC" />
		</Unit>
		<Unit filename="Libraries\STM32F10x_StdPeriph_Driver\src\stm32f10x_exti.c">
			<Option compilerVar="CC" />
		</Unit>
		<Unit filename="Libraries\STM32F10x_StdPeriph_Driver\src\stm32f10x_flash.c">
			<Option compilerVar="CC" />
		</Unit>
		<Unit filename="Libraries\STM32F10x_StdPeriph_Driver\src\stm32f10x_fsmc.c">
			<Option compilerVar="CC" />
		</Unit>
		<Unit filename="Libraries\STM32F10x_StdPeriph_Driver\src\stm32f10x_gpio.c">
			<Option compilerVar="CC" />
		</Unit>
		<Unit filename="Libraries\STM32F10x_StdPeriph_Driver\src\stm32f10x_i2c.c">
			<Option compilerVar="CC" />
		</Unit>
		<Unit filename="Libraries\STM32F10x_StdPeriph_Driver\src\stm32f10x_iwdg.c">
			<Option compilerVar="CC" />
		</Unit>
		<Unit filename="Libraries\STM32F10x_StdPeriph_Driver\src\stm32f10x_pwr.c">
			<Option compilerVar="CC" />
		</Unit>
		<Unit filename="Libraries\STM32F10x_StdPeriph_Driver\src\stm32f10x_rcc.c">
			<Option compilerVar="CC" />
		</Unit>
		<Unit filename="Libraries\STM32F10x_StdPeriph_Driver\src\stm32f10x_rtc.c">
			<Option compilerVar="CC" />
		</Unit>
		<Unit filename="Libraries\STM32F10x_StdPeriph_Driver\src\stm32f10x_sdio.c">
			<Option compilerVar="CC" />
		</Unit>
		<Unit filename="Libraries\STM32F10x_StdPeriph_Driver\src\stm32f10x_spi.c">
			<Option compilerVar="CC" />
		</Unit>
		<Unit filename="Libraries\STM32F10x_StdPeriph_Driver\src\stm32f10x_tim.c">
			<Option compilerVar="CC" />
		</Unit>
		<Unit filename="Libraries\STM32F10x_StdPeriph_Driver\src\stm32f10x_usart.c">
			<Option compilerVar="CC" />
		</Unit>
		<Unit filename="Libraries\STM32F10x_StdPeriph_Driver\src\stm32f10x_wwdg.c">
			<Option compilerVar="CC" />
		</Unit>
		<Unit filename="src\adc.c">
			<Option compilerVar="CC" />
		</Unit>
		<Unit filename="src\adc.h" />
		<Unit filename="src\charge.c">
			<Option compilerVar="CC" />
		</Unit>
		<Unit filename="src\charge.h" />
		<Unit filename="src\eeprom.c">
			<Option compilerVar="CC" />
		</Unit>
		<Unit filename="src\eeprom.h" />
		<Unit filename="src\global.h" />
		<Unit filename="src\gpio.c">
			<Option compilerVar="CC" />
		</Unit>
		<Unit filename="src\gpio.h" />
		<Unit filename="src\key.c">
			<Option compilerVar="CC" />
		</Unit>
		<Unit filename="src\key.h" />
		<Unit filename="src\lcd5110.c">
			<Option compilerVar="CC" />
		</Unit>
		<Unit filename="src\lcd5110.h" />
		<Unit filename="src\logic.c">
			<Option compilerVar="CC" />
		</Unit>
		<Unit filename="src\logic.h" />
		<Unit filename="src\main.c">
			<Option compilerVar="CC" />
		</Unit>
		<Unit filename="src\menu.c">
			<Option compilerVar="CC" />
		</Unit>
		<Unit filename="src\menu.h" />
		<Unit filename="src\para.h" />
		<Unit filename="src\pid.c">
			<Option compilerVar="CC" />
		</Unit>
		<Unit filename="src\pid.h" />
		<Unit filename="src\pwm.c">
			<Option compilerVar="CC" />
		</Unit>
		<Unit filename="src\pwm.h" />
		<Unit filename="src\stm32f10x_it.c">
			<Option compilerVar="CC" />
		</Unit>
		<Unit filename="src\uart.c">
			<Option compilerVar="CC" />
		</Unit>
		<Unit filename="src\uart.h" />
		<Unit filename="src\ziku.c">
			<Option compilerVar="CC" />
		</Unit>
		<Unit filename="src\ziku.h" />
		<Extensions>
			<code_completion />
			<envvars />
			<debugger />
			<lib_finder disable_auto="1" />
			<DoxyBlocks>
				<comment_style block="0" line="0" />
				<doxyfile_project />
				<doxyfile_build />
				<doxyfile_warnings />
				<doxyfile_output />
				<doxyfile_dot />
				<general />
			</DoxyBlocks>
		</Extensions>
	</Project>
</CodeBlocks_project_file>
